
Microsoft Visual Studio Solution File, Format Version 12.00
# Visual Studio Version 16
VisualStudioVersion = 16.0.31313.79
MinimumVisualStudioVersion = 10.0.40219.1
Project("{2150E333-8FDC-42A3-9474-1A3956D46DE8}") = "Core", "Core", "{E4848F69-0ADE-4355-9580-767B19A9BA1E}"
EndProject
Project("{2150E333-8FDC-42A3-9474-1A3956D46DE8}") = "WebApi", "WebApi", "{00A6CDDD-178C-42DF-BC1F-ADF32B954F9F}"
EndProject
Project("{9A19103F-16F7-4668-BE54-9A1E7A4F7556}") = "SoftoMart.WebApi", "SoftoMart.WebApi\SoftoMart.WebApi.csproj", "{D0FCE49E-8438-4769-9BA9-8E3EA22CDF11}"
EndProject
Project("{9A19103F-16F7-4668-BE54-9A1E7A4F7556}") = "SoftoMart.Domain", "SoftoMart.Domain\SoftoMart.Domain.csproj", "{056DB661-02B3-4A85-8FCA-C7532F7C8337}"
EndProject
Project("{9A19103F-16F7-4668-BE54-9A1E7A4F7556}") = "SoftoMart.Application", "SoftoMart.Application\SoftoMart.Application.csproj", "{D3084529-1921-4913-A5B7-3D2675F71EAC}"
EndProject
Project("{2150E333-8FDC-42A3-9474-1A3956D46DE8}") = "Instrastructure", "Instrastructure", "{E96C6029-2548-4510-A12A-9F37DAA3204B}"
EndProject
Project("{9A19103F-16F7-4668-BE54-9A1E7A4F7556}") = "SoftoMart.Persistence", "SoftoMart.Persistence\SoftoMart.Persistence.csproj", "{FED159E2-73E6-459F-93D9-2D74AC0D1AC1}"
EndProject
Project("{9A19103F-16F7-4668-BE54-9A1E7A4F7556}") = "SoftoSol.Instastructure", "SoftoSol.Instastructure\SoftoSol.Instastructure.csproj", "{068F3B13-88A7-4094-948C-89990E62895F}"
EndProject
Project("{2150E333-8FDC-42A3-9474-1A3956D46DE8}") = "Common", "Common", "{7FA580BE-C9C8-4B57-B5BD-5A10AC5D7463}"
EndProject
Project("{FAE04EC0-301F-11D3-BF4B-00C04F79EFBC}") = "SoftoMart.Common", "SoftoMart.Common\SoftoMart.Common.csproj", "{4FD724AC-C5A7-4E22-AB9B-4D7818854C74}"
EndProject
Global
	GlobalSection(SolutionConfigurationPlatforms) = preSolution
		Debug|Any CPU = Debug|Any CPU
		Release|Any CPU = Release|Any CPU
	EndGlobalSection
	GlobalSection(ProjectConfigurationPlatforms) = postSolution
		{D0FCE49E-8438-4769-9BA9-8E3EA22CDF11}.Debug|Any CPU.ActiveCfg = Debug|Any CPU
		{D0FCE49E-8438-4769-9BA9-8E3EA22CDF11}.Debug|Any CPU.Build.0 = Debug|Any CPU
		{D0FCE49E-8438-4769-9BA9-8E3EA22CDF11}.Release|Any CPU.ActiveCfg = Release|Any CPU
		{D0FCE49E-8438-4769-9BA9-8E3EA22CDF11}.Release|Any CPU.Build.0 = Release|Any CPU
		{056DB661-02B3-4A85-8FCA-C7532F7C8337}.Debug|Any CPU.ActiveCfg = Debug|Any CPU
		{056DB661-02B3-4A85-8FCA-C7532F7C8337}.Debug|Any CPU.Build.0 = Debug|Any CPU
		{056DB661-02B3-4A85-8FCA-C7532F7C8337}.Release|Any CPU.ActiveCfg = Release|Any CPU
		{056DB661-02B3-4A85-8FCA-C7532F7C8337}.Release|Any CPU.Build.0 = Release|Any CPU
		{D3084529-1921-4913-A5B7-3D2675F71EAC}.Debug|Any CPU.ActiveCfg = Debug|Any CPU
		{D3084529-1921-4913-A5B7-3D2675F71EAC}.Debug|Any CPU.Build.0 = Debug|Any CPU
		{D3084529-1921-4913-A5B7-3D2675F71EAC}.Release|Any CPU.ActiveCfg = Release|Any CPU
		{D3084529-1921-4913-A5B7-3D2675F71EAC}.Release|Any CPU.Build.0 = Release|Any CPU
		{FED159E2-73E6-459F-93D9-2D74AC0D1AC1}.Debug|Any CPU.ActiveCfg = Debug|Any CPU
		{FED159E2-73E6-459F-93D9-2D74AC0D1AC1}.Debug|Any CPU.Build.0 = Debug|Any CPU
		{FED159E2-73E6-459F-93D9-2D74AC0D1AC1}.Release|Any CPU.ActiveCfg = Release|Any CPU
		{FED159E2-73E6-459F-93D9-2D74AC0D1AC1}.Release|Any CPU.Build.0 = Release|Any CPU
		{068F3B13-88A7-4094-948C-89990E62895F}.Debug|Any CPU.ActiveCfg = Debug|Any CPU
		{068F3B13-88A7-4094-948C-89990E62895F}.Debug|Any CPU.Build.0 = Debug|Any CPU
		{068F3B13-88A7-4094-948C-89990E62895F}.Release|Any CPU.ActiveCfg = Release|Any CPU
		{068F3B13-88A7-4094-948C-89990E62895F}.Release|Any CPU.Build.0 = Release|Any CPU
		{4FD724AC-C5A7-4E22-AB9B-4D7818854C74}.Debug|Any CPU.ActiveCfg = Debug|Any CPU
		{4FD724AC-C5A7-4E22-AB9B-4D7818854C74}.Debug|Any CPU.Build.0 = Debug|Any CPU
		{4FD724AC-C5A7-4E22-AB9B-4D7818854C74}.Release|Any CPU.ActiveCfg = Release|Any CPU
		{4FD724AC-C5A7-4E22-AB9B-4D7818854C74}.Release|Any CPU.Build.0 = Release|Any CPU
	EndGlobalSection
	GlobalSection(SolutionProperties) = preSolution
		HideSolutionNode = FALSE
	EndGlobalSection
	GlobalSection(NestedProjects) = preSolution
		{D0FCE49E-8438-4769-9BA9-8E3EA22CDF11} = {00A6CDDD-178C-42DF-BC1F-ADF32B954F9F}
		{056DB661-02B3-4A85-8FCA-C7532F7C8337} = {E4848F69-0ADE-4355-9580-767B19A9BA1E}
		{D3084529-1921-4913-A5B7-3D2675F71EAC} = {E4848F69-0ADE-4355-9580-767B19A9BA1E}
		{FED159E2-73E6-459F-93D9-2D74AC0D1AC1} = {E96C6029-2548-4510-A12A-9F37DAA3204B}
		{068F3B13-88A7-4094-948C-89990E62895F} = {E96C6029-2548-4510-A12A-9F37DAA3204B}
		{4FD724AC-C5A7-4E22-AB9B-4D7818854C74} = {7FA580BE-C9C8-4B57-B5BD-5A10AC5D7463}
	EndGlobalSection
	GlobalSection(ExtensibilityGlobals) = postSolution
		SolutionGuid = {E8D54DF2-9EC4-4722-A28D-BB3CAC92B9CC}
	EndGlobalSection
EndGlobal
